// !$*UTF8*$!
{
	archiveVersion = 1;
	classes = {
	};
	objectVersion = 46;
	objects = {

/* Begin PBXBuildFile section */
		08D199F31CC7DDBD005920D7 /* main.cpp in Sources */ = {isa = PBXBuildFile; fileRef = 08D199F21CC7DDBD005920D7 /* main.cpp */; };
		08D199FB1CC7DED0005920D7 /* Person.cpp in Sources */ = {isa = PBXBuildFile; fileRef = 08D199F91CC7DED0005920D7 /* Person.cpp */; };
/* End PBXBuildFile section */

/* Begin PBXCopyFilesBuildPhase section */
		08D199ED1CC7DDBD005920D7 /* CopyFiles */ = {
			isa = PBXCopyFilesBuildPhase;
			buildActionMask = 2147483647;
			dstPath = /usr/share/man/man1/;
			dstSubfolderSpec = 0;
			files = (
			);
			runOnlyForDeploymentPostprocessing = 1;
		};
/* End PBXCopyFilesBuildPhase section */

/* Begin PBXFileReference section */
		08D199EF1CC7DDBD005920D7 /* AsignmentOne P2 */ = {isa = PBXFileReference; explicitFileType = "compiled.mach-o.executable"; includeInIndex = 0; path = "AsignmentOne P2"; sourceTree = BUILT_PRODUCTS_DIR; };
		08D199F21CC7DDBD005920D7 /* main.cpp */ = {isa = PBXFileReference; lastKnownFileType = sourcecode.cpp.cpp; path = main.cpp; sourceTree = "<group>"; };
		08D199F91CC7DED0005920D7 /* Person.cpp */ = {isa = PBXFileReference; fileEncoding = 4; lastKnownFileType = sourcecode.cpp.cpp; path = Person.cpp; sourceTree = "<group>"; };
		08D199FA1CC7DED0005920D7 /* Person.hpp */ = {isa = PBXFileReference; fileEncoding = 4; lastKnownFileType = sourcecode.cpp.h; path = Person.hpp; sourceTree = "<group>"; };
/* End PBXFileReference section */

/* Begin PBXFrameworksBuildPhase section */
		08D199EC1CC7DDBD005920D7 /* Frameworks */ = {
			isa = PBXFrameworksBuildPhase;
			buildActionMask = 2147483647;
			files = (
			);
			runOnlyForDeploymentPostprocessing = 0;
		};
/* End PBXFrameworksBuildPhase section */

/* Begin PBXGroup section */
		08D199E61CC7DDBD005920D7 = {
			isa = PBXGroup;
			children = (
				08D199F11CC7DDBD005920D7 /* AsignmentOne P2 */,
				08D199F01CC7DDBD005920D7 /* Products */,
			);
			sourceTree = "<group>";
		};
		08D199F01CC7DDBD005920D7 /* Products */ = {
			isa = PBXGroup;
			children = (
				08D199EF1CC7DDBD005920D7 /* AsignmentOne P2 */,
			);
			name = Products;
			sourceTree = "<group>";
		};
		08D199F11CC7DDBD005920D7 /* AsignmentOne P2 */ = {
			isa = PBXGroup;
			children = (
				08D199F21CC7DDBD005920D7 /* main.cpp */,
				08D199F91CC7DED0005920D7 /* Person.cpp */,
				08D199FA1CC7DED0005920D7 /* Person.hpp */,
			);
			path = "AsignmentOne P2";
			sourceTree = "<group>";
		};
/* End PBXGroup section */

/* Begin PBXNativeTarget section */
		08D199EE1CC7DDBD005920D7 /* AsignmentOne P2 */ = {
			isa = PBXNativeTarget;
			buildConfigurationList = 08D199F61CC7DDBD005920D7 /* Build configuration list for PBXNativeTarget "AsignmentOne P2" */;
			buildPhases = (
				08D199EB1CC7DDBD005920D7 /* Sources */,
				08D199EC1CC7DDBD005920D7 /* Frameworks */,
				08D199ED1CC7DDBD005920D7 /* CopyFiles */,
			);
			buildRules = (
			);
			dependencies = (
			);
			name = "AsignmentOne P2";
			productName = "AsignmentOne P2";
			productReference = 08D199EF1CC7DDBD005920D7 /* AsignmentOne P2 */;
			productType = "com.apple.product-type.tool";
		};
/* End PBXNativeTarget section */

/* Begin PBXProject section */
		08D199E71CC7DDBD005920D7 /* Project object */ = {
			isa = PBXProject;
			attributes = {
				LastUpgradeCheck = 0730;
				ORGANIZATIONNAME = J.S.Flynn;
				TargetAttributes = {
					08D199EE1CC7DDBD005920D7 = {
						CreatedOnToolsVersion = 7.3;
					};
				};
			};
			buildConfigurationList = 08D199EA1CC7DDBD005920D7 /* Build configuration list for PBXProject "AsignmentOne P2" */;
			compatibilityVersion = "Xcode 3.2";
			developmentRegion = English;
			hasScannedForEncodings = 0;
			knownRegions = (
				en,
			);
			mainGroup = 08D199E61CC7DDBD005920D7;
			productRefGroup = 08D199F01CC7DDBD005920D7 /* Products */;
			projectDirPath = "";
			projectRoot = "";
			targets = (
				08D199EE1CC7DDBD005920D7 /* AsignmentOne P2 */,
			);
		};
/* End PBXProject section */

/* Begin PBXSourcesBuildPhase section */
		08D199EB1CC7DDBD005920D7 /* Sources */ = {
			isa = PBXSourcesBuildPhase;
			buildActionMask = 2147483647;
			files = (
				08D199FB1CC7DED0005920D7 /* Person.cpp in Sources */,
				08D199F31CC7DDBD005920D7 /* main.cpp in Sources */,
			);
			runOnlyForDeploymentPostprocessing = 0;
		};
/* End PBXSourcesBuildPhase section */

/* Begin XCBuildConfiguration section */
		08D199F41CC7DDBD005920D7 /* Debug */ = {
			isa = XCBuildConfiguration;
			buildSettings = {
				ALWAYS_SEARCH_USER_PATHS = NO;
				CLANG_ANALYZER_NONNULL = YES;
				CLANG_CXX_LANGUAGE_STANDARD = "gnu++0x";
				CLANG_CXX_LIBRARY = "libc++";
				CLANG_ENABLE_MODULES = YES;
				CLANG_ENABLE_OBJC_ARC = YES;
				CLANG_WARN_BOOL_CONVERSION = YES;
				CLANG_WARN_CONSTANT_CONVERSION = YES;
				CLANG_WARN_DIRECT_OBJC_ISA_USAGE = YES_ERROR;
				CLANG_WARN_EMPTY_BODY = YES;
				CLANG_WARN_ENUM_CONVERSION = YES;
				CLANG_WARN_INT_CONVERSION = YES;
				CLANG_WARN_OBJC_ROOT_CLASS = YES_ERROR;
				CLANG_WARN_UNREACHABLE_CODE = YES;
				CLANG_WARN__DUPLICATE_METHOD_MATCH = YES;
				CODE_SIGN_IDENTITY = "-";
				COPY_PHASE_STRIP = NO;
				DEBUG_INFORMATION_FORMAT = dwarf;
				ENABLE_STRICT_OBJC_MSGSEND = YES;
				ENABLE_TESTABILITY = YES;
				GCC_C_LANGUAGE_STANDARD = gnu99;
				GCC_DYNAMIC_NO_PIC = NO;
				GCC_NO_COMMON_BLOCKS = YES;
				GCC_OPTIMIZATION_LEVEL = 0;
				GCC_PREPROCESSOR_DEFINITIONS = (
					"DEBUG=1",
					"$(inherited)",
				);
				GCC_WARN_64_TO_32_BIT_CONVERSION = YES;
				GCC_WARN_ABOUT_RETURN_TYPE = YES_ERROR;
				GCC_WARN_UNDECLARED_SELECTOR = YES;
				GCC_WARN_UNINITIALIZED_AUTOS = YES_AGGRESSIVE;
				GCC_WARN_UNUSED_FUNCTION = YES;
				GCC_WARN_UNUSED_VARIABLE = YES;
				MACOSX_DEPLOYMENT_TARGET = 10.11;
				MTL_ENABLE_DEBUG_INFO = YES;
				ONLY_ACTIVE_ARCH = YES;
				SDKROOT = macosx;
			};
			name = Debug;
		};
		08D199F51CC7DDBD005920D7 /* Release */ = {
			isa = XCBuildConfiguration;
			buildSettings = {
				ALWAYS_SEARCH_USER_PATHS = NO;
				CLANG_ANALYZER_NONNULL = YES;
				CLANG_CXX_LANGUAGE_STANDARD = "gnu++0x";
				CLANG_CXX_LIBRARY = "libc++";
				CLANG_ENABLE_MODULES = YES;
				CLANG_ENABLE_OBJC_ARC = YES;
				CLANG_WARN_BOOL_CONVERSION = YES;
				CLANG_WARN_CONSTANT_CONVERSION = YES;
				CLANG_WARN_DIRECT_OBJC_ISA_USAGE = YES_ERROR;
				CLANG_WARN_EMPTY_BODY = YES;
				CLANG_WARN_ENUM_CONVERSION = YES;
				CLANG_WARN_INT_CONVERSION = YES;
				CLANG_WARN_OBJC_ROOT_CLASS = YES_ERROR;
				CLANG_WARN_UNREACHABLE_CODE = YES;
				CLANG_WARN__DUPLICATE_METHOD_MATCH = YES;
				CODE_SIGN_IDENTITY = "-";
				COPY_PHASE_STRIP = NO;
				DEBUG_INFORMATION_FORMAT = "dwarf-with-dsym";
				ENABLE_NS_ASSERTIONS = NO;
				ENABLE_STRICT_OBJC_MSGSEND = YES;
				GCC_C_LANGUAGE_STANDARD = gnu99;
				GCC_NO_COMMON_BLOCKS = YES;
				GCC_WARN_64_TO_32_BIT_CONVERSION = YES;
				GCC_WARN_ABOUT_RETURN_TYPE = YES_ERROR;
				GCC_WARN_UNDECLARED_SELECTOR = YES;
				GCC_WARN_UNINITIALIZED_AUTOS = YES_AGGRESSIVE;
				GCC_WARN_UNUSED_FUNCTION = YES;
				GCC_WARN_UNUSED_VARIABLE = YES;
				MACOSX_DEPLOYMENT_TARGET = 10.11;
				MTL_ENABLE_DEBUG_INFO = NO;
				SDKROOT = macosx;
			};
			name = Release;
		};
		08D199F71CC7DDBD005920D7 /* Debug */ = {
			isa = XCBuildConfiguration;
			buildSettings = {
				PRODUCT_NAME = "$(TARGET_NAME)";
			};
			name = Debug;
		};
		08D199F81CC7DDBD005920D7 /* Release */ = {
			isa = XCBuildConfiguration;
			buildSettings = {
				PRODUCT_NAME = "$(TARGET_NAME)";
			};
			name = Release;
		};
/* End XCBuildConfiguration section */

/* Begin XCConfigurationList section */
		08D199EA1CC7DDBD005920D7 /* Build configuration list for PBXProject "AsignmentOne P2" */ = {
			isa = XCConfigurationList;
			buildConfigurations = (
				08D199F41CC7DDBD005920D7 /* Debug */,
				08D199F51CC7DDBD005920D7 /* Release */,
			);
			defaultConfigurationIsVisible = 0;
			defaultConfigurationName = Release;
		};
		08D199F61CC7DDBD005920D7 /* Build configuration list for PBXNativeTarget "AsignmentOne P2" */ = {
			isa = XCConfigurationList;
			buildConfigurations = (
				08D199F71CC7DDBD005920D7 /* Debug */,
				08D199F81CC7DDBD005920D7 /* Release */,
			);
			defaultConfigurationIsVisible = 0;
		};
/* End XCConfigurationList section */
	};
	rootObject = 08D199E71CC7DDBD005920D7 /* Project object */;
}
